
Microsoft Visual Studio Solution File, Format Version 11.00
# Visual C# Express 2010
Project("{FAE04EC0-301F-11D3-BF4B-00C04F79EFBC}") = "exception", "exception\exception.csproj", "{691A57AA-5B6E-4683-9B6D-BD5C3B3352F5}"
EndProject
Global
	GlobalSection(SolutionConfigurationPlatforms) = preSolution
		Debug|Any CPU = Debug|Any CPU
		Release|Any CPU = Release|Any CPU
	EndGlobalSection
	GlobalSection(ProjectConfigurationPlatforms) = postSolution
		{691A57AA-5B6E-4683-9B6D-BD5C3B3352F5}.Debug|Any CPU.ActiveCfg = Debug|Any CPU
		{691A57AA-5B6E-4683-9B6D-BD5C3B3352F5}.Debug|Any CPU.Build.0 = Debug|Any CPU
		{691A57AA-5B6E-4683-9B6D-BD5C3B3352F5}.Release|Any CPU.ActiveCfg = Release|Any CPU
		{691A57AA-5B6E-4683-9B6D-BD5C3B3352F5}.Release|Any CPU.Build.0 = Release|Any CPU
	EndGlobalSection
	GlobalSection(SolutionProperties) = preSolution
		HideSolutionNode = FALSE
	EndGlobalSection
EndGlobal
