
Microsoft Visual Studio Solution File, Format Version 11.00
# Visual C# Express 2010
Project("{FAE04EC0-301F-11D3-BF4B-00C04F79EFBC}") = "GrawKregleTests", "GrawKregle\GrawKregleTests.csproj", "{F289F5E9-99C0-4776-9E90-AD45125DC06F}"
EndProject
Project("{FAE04EC0-301F-11D3-BF4B-00C04F79EFBC}") = "GraKregle", "GraKregle\GraKregle.csproj", "{3CDC622D-1C00-4090-B1F1-6A2E1F6539C0}"
EndProject
Global
	GlobalSection(SolutionConfigurationPlatforms) = preSolution
		Debug|Any CPU = Debug|Any CPU
		Release|Any CPU = Release|Any CPU
	EndGlobalSection
	GlobalSection(ProjectConfigurationPlatforms) = postSolution
		{F289F5E9-99C0-4776-9E90-AD45125DC06F}.Debug|Any CPU.ActiveCfg = Debug|Any CPU
		{F289F5E9-99C0-4776-9E90-AD45125DC06F}.Debug|Any CPU.Build.0 = Debug|Any CPU
		{F289F5E9-99C0-4776-9E90-AD45125DC06F}.Release|Any CPU.ActiveCfg = Release|Any CPU
		{F289F5E9-99C0-4776-9E90-AD45125DC06F}.Release|Any CPU.Build.0 = Release|Any CPU
		{3CDC622D-1C00-4090-B1F1-6A2E1F6539C0}.Debug|Any CPU.ActiveCfg = Debug|Any CPU
		{3CDC622D-1C00-4090-B1F1-6A2E1F6539C0}.Debug|Any CPU.Build.0 = Debug|Any CPU
		{3CDC622D-1C00-4090-B1F1-6A2E1F6539C0}.Release|Any CPU.ActiveCfg = Release|Any CPU
		{3CDC622D-1C00-4090-B1F1-6A2E1F6539C0}.Release|Any CPU.Build.0 = Release|Any CPU
	EndGlobalSection
	GlobalSection(SolutionProperties) = preSolution
		HideSolutionNode = FALSE
	EndGlobalSection
EndGlobal
